// !$*UTF8*$!
{
	archiveVersion = 1;
	classes = {
	};
	objectVersion = 46;
	objects = {

/* Begin PBXBuildFile section */
		141C3839A3F1DE2BC44868D1 /* libPods-shop.a in Frameworks */ = {isa = PBXBuildFile; fileRef = 81B066CC25AB04DF6C8EB735 /* libPods-shop.a */; };
		91E816021EC1F8DE00B1DEB3 /* main.m in Sources */ = {isa = PBXBuildFile; fileRef = 91E816011EC1F8DE00B1DEB3 /* main.m */; };
		91E816051EC1F8DE00B1DEB3 /* AppDelegate.m in Sources */ = {isa = PBXBuildFile; fileRef = 91E816041EC1F8DE00B1DEB3 /* AppDelegate.m */; };
		91E8160D1EC1F8DE00B1DEB3 /* Assets.xcassets in Resources */ = {isa = PBXBuildFile; fileRef = 91E8160C1EC1F8DE00B1DEB3 /* Assets.xcassets */; };
		91E816101EC1F8DE00B1DEB3 /* LaunchScreen.storyboard in Resources */ = {isa = PBXBuildFile; fileRef = 91E8160E1EC1F8DE00B1DEB3 /* LaunchScreen.storyboard */; };
		91E8161B1EC1F8DF00B1DEB3 /* shopTests.m in Sources */ = {isa = PBXBuildFile; fileRef = 91E8161A1EC1F8DF00B1DEB3 /* shopTests.m */; };
		91E816261EC1F8DF00B1DEB3 /* shopUITests.m in Sources */ = {isa = PBXBuildFile; fileRef = 91E816251EC1F8DF00B1DEB3 /* shopUITests.m */; };
		91E816351EC1FCC300B1DEB3 /* XJNavigationViewController.m in Sources */ = {isa = PBXBuildFile; fileRef = 91E816341EC1FCC300B1DEB3 /* XJNavigationViewController.m */; };
		91E816381EC1FD1500B1DEB3 /* XJTabBarViewController.m in Sources */ = {isa = PBXBuildFile; fileRef = 91E816371EC1FD1500B1DEB3 /* XJTabBarViewController.m */; };
		91E8163A1EC4A1D900B1DEB3 /* Property List.plist in Resources */ = {isa = PBXBuildFile; fileRef = 91E816391EC4A1D900B1DEB3 /* Property List.plist */; };
		91E816441EC4A63100B1DEB3 /* XJMyViewController.m in Sources */ = {isa = PBXBuildFile; fileRef = 91E816431EC4A63100B1DEB3 /* XJMyViewController.m */; };
		91E816471EC4A64000B1DEB3 /* XJTimeViewController.m in Sources */ = {isa = PBXBuildFile; fileRef = 91E816461EC4A64000B1DEB3 /* XJTimeViewController.m */; };
		91E8164A1EC4A65500B1DEB3 /* XJBuyCarViewController.m in Sources */ = {isa = PBXBuildFile; fileRef = 91E816491EC4A65500B1DEB3 /* XJBuyCarViewController.m */; };
		91E8164D1EC4A66300B1DEB3 /* XJClassViewController.m in Sources */ = {isa = PBXBuildFile; fileRef = 91E8164C1EC4A66300B1DEB3 /* XJClassViewController.m */; };
/* End PBXBuildFile section */

/* Begin PBXContainerItemProxy section */
		91E816171EC1F8DF00B1DEB3 /* PBXContainerItemProxy */ = {
			isa = PBXContainerItemProxy;
			containerPortal = 91E815F51EC1F8DE00B1DEB3 /* Project object */;
			proxyType = 1;
			remoteGlobalIDString = 91E815FC1EC1F8DE00B1DEB3;
			remoteInfo = shop;
		};
		91E816221EC1F8DF00B1DEB3 /* PBXContainerItemProxy */ = {
			isa = PBXContainerItemProxy;
			containerPortal = 91E815F51EC1F8DE00B1DEB3 /* Project object */;
			proxyType = 1;
			remoteGlobalIDString = 91E815FC1EC1F8DE00B1DEB3;
			remoteInfo = shop;
		};
/* End PBXContainerItemProxy section */

/* Begin PBXFileReference section */
		0DD56440ADB83596EA28C07A /* Pods-shop.release.xcconfig */ = {isa = PBXFileReference; includeInIndex = 1; lastKnownFileType = text.xcconfig; name = "Pods-shop.release.xcconfig"; path = "Pods/Target Support Files/Pods-shop/Pods-shop.release.xcconfig"; sourceTree = "<group>"; };
		81B066CC25AB04DF6C8EB735 /* libPods-shop.a */ = {isa = PBXFileReference; explicitFileType = archive.ar; includeInIndex = 0; path = "libPods-shop.a"; sourceTree = BUILT_PRODUCTS_DIR; };
		91E815FD1EC1F8DE00B1DEB3 /* shop.app */ = {isa = PBXFileReference; explicitFileType = wrapper.application; includeInIndex = 0; path = shop.app; sourceTree = BUILT_PRODUCTS_DIR; };
		91E816011EC1F8DE00B1DEB3 /* main.m */ = {isa = PBXFileReference; lastKnownFileType = sourcecode.c.objc; path = main.m; sourceTree = "<group>"; };
		91E816031EC1F8DE00B1DEB3 /* AppDelegate.h */ = {isa = PBXFileReference; lastKnownFileType = sourcecode.c.h; path = AppDelegate.h; sourceTree = "<group>"; };
		91E816041EC1F8DE00B1DEB3 /* AppDelegate.m */ = {isa = PBXFileReference; lastKnownFileType = sourcecode.c.objc; path = AppDelegate.m; sourceTree = "<group>"; };
		91E8160C1EC1F8DE00B1DEB3 /* Assets.xcassets */ = {isa = PBXFileReference; lastKnownFileType = folder.assetcatalog; path = Assets.xcassets; sourceTree = "<group>"; };
		91E8160F1EC1F8DE00B1DEB3 /* Base */ = {isa = PBXFileReference; lastKnownFileType = file.storyboard; name = Base; path = Base.lproj/LaunchScreen.storyboard; sourceTree = "<group>"; };
		91E816111EC1F8DE00B1DEB3 /* Info.plist */ = {isa = PBXFileReference; lastKnownFileType = text.plist.xml; path = Info.plist; sourceTree = "<group>"; };
		91E816161EC1F8DF00B1DEB3 /* shopTests.xctest */ = {isa = PBXFileReference; explicitFileType = wrapper.cfbundle; includeInIndex = 0; path = shopTests.xctest; sourceTree = BUILT_PRODUCTS_DIR; };
		91E8161A1EC1F8DF00B1DEB3 /* shopTests.m */ = {isa = PBXFileReference; lastKnownFileType = sourcecode.c.objc; path = shopTests.m; sourceTree = "<group>"; };
		91E8161C1EC1F8DF00B1DEB3 /* Info.plist */ = {isa = PBXFileReference; lastKnownFileType = text.plist.xml; path = Info.plist; sourceTree = "<group>"; };
		91E816211EC1F8DF00B1DEB3 /* shopUITests.xctest */ = {isa = PBXFileReference; explicitFileType = wrapper.cfbundle; includeInIndex = 0; path = shopUITests.xctest; sourceTree = BUILT_PRODUCTS_DIR; };
		91E816251EC1F8DF00B1DEB3 /* shopUITests.m */ = {isa = PBXFileReference; lastKnownFileType = sourcecode.c.objc; path = shopUITests.m; sourceTree = "<group>"; };
		91E816271EC1F8DF00B1DEB3 /* Info.plist */ = {isa = PBXFileReference; lastKnownFileType = text.plist.xml; path = Info.plist; sourceTree = "<group>"; };
		91E816331EC1FCC300B1DEB3 /* XJNavigationViewController.h */ = {isa = PBXFileReference; fileEncoding = 4; lastKnownFileType = sourcecode.c.h; name = XJNavigationViewController.h; path = ../XJNavigationViewController.h; sourceTree = "<group>"; };
		91E816341EC1FCC300B1DEB3 /* XJNavigationViewController.m */ = {isa = PBXFileReference; fileEncoding = 4; lastKnownFileType = sourcecode.c.objc; name = XJNavigationViewController.m; path = ../XJNavigationViewController.m; sourceTree = "<group>"; };
		91E816361EC1FD1500B1DEB3 /* XJTabBarViewController.h */ = {isa = PBXFileReference; fileEncoding = 4; lastKnownFileType = sourcecode.c.h; name = XJTabBarViewController.h; path = ../XJTabBarViewController.h; sourceTree = "<group>"; };
		91E816371EC1FD1500B1DEB3 /* XJTabBarViewController.m */ = {isa = PBXFileReference; fileEncoding = 4; lastKnownFileType = sourcecode.c.objc; name = XJTabBarViewController.m; path = ../XJTabBarViewController.m; sourceTree = "<group>"; };
		91E816391EC4A1D900B1DEB3 /* Property List.plist */ = {isa = PBXFileReference; fileEncoding = 4; lastKnownFileType = text.plist.xml; name = "Property List.plist"; path = "../Property List.plist"; sourceTree = "<group>"; };
		91E816421EC4A63100B1DEB3 /* XJMyViewController.h */ = {isa = PBXFileReference; fileEncoding = 4; lastKnownFileType = sourcecode.c.h; path = XJMyViewController.h; sourceTree = "<group>"; };
		91E816431EC4A63100B1DEB3 /* XJMyViewController.m */ = {isa = PBXFileReference; fileEncoding = 4; lastKnownFileType = sourcecode.c.objc; path = XJMyViewController.m; sourceTree = "<group>"; };
		91E816451EC4A64000B1DEB3 /* XJTimeViewController.h */ = {isa = PBXFileReference; fileEncoding = 4; lastKnownFileType = sourcecode.c.h; path = XJTimeViewController.h; sourceTree = "<group>"; };
		91E816461EC4A64000B1DEB3 /* XJTimeViewController.m */ = {isa = PBXFileReference; fileEncoding = 4; lastKnownFileType = sourcecode.c.objc; path = XJTimeViewController.m; sourceTree = "<group>"; };
		91E816481EC4A65500B1DEB3 /* XJBuyCarViewController.h */ = {isa = PBXFileReference; fileEncoding = 4; lastKnownFileType = sourcecode.c.h; path = XJBuyCarViewController.h; sourceTree = "<group>"; };
		91E816491EC4A65500B1DEB3 /* XJBuyCarViewController.m */ = {isa = PBXFileReference; fileEncoding = 4; lastKnownFileType = sourcecode.c.objc; path = XJBuyCarViewController.m; sourceTree = "<group>"; };
		91E8164B1EC4A66300B1DEB3 /* XJClassViewController.h */ = {isa = PBXFileReference; fileEncoding = 4; lastKnownFileType = sourcecode.c.h; path = XJClassViewController.h; sourceTree = "<group>"; };
		91E8164C1EC4A66300B1DEB3 /* XJClassViewController.m */ = {isa = PBXFileReference; fileEncoding = 4; lastKnownFileType = sourcecode.c.objc; path = XJClassViewController.m; sourceTree = "<group>"; };
		D64235D0885402F12AD2FA4A /* Pods-shop.debug.xcconfig */ = {isa = PBXFileReference; includeInIndex = 1; lastKnownFileType = text.xcconfig; name = "Pods-shop.debug.xcconfig"; path = "Pods/Target Support Files/Pods-shop/Pods-shop.debug.xcconfig"; sourceTree = "<group>"; };
/* End PBXFileReference section */

/* Begin PBXFrameworksBuildPhase section */
		91E815FA1EC1F8DE00B1DEB3 /* Frameworks */ = {
			isa = PBXFrameworksBuildPhase;
			buildActionMask = 2147483647;
			files = (
				141C3839A3F1DE2BC44868D1 /* libPods-shop.a in Frameworks */,
			);
			runOnlyForDeploymentPostprocessing = 0;
		};
		91E816131EC1F8DF00B1DEB3 /* Frameworks */ = {
			isa = PBXFrameworksBuildPhase;
			buildActionMask = 2147483647;
			files = (
			);
			runOnlyForDeploymentPostprocessing = 0;
		};
		91E8161E1EC1F8DF00B1DEB3 /* Frameworks */ = {
			isa = PBXFrameworksBuildPhase;
			buildActionMask = 2147483647;
			files = (
			);
			runOnlyForDeploymentPostprocessing = 0;
		};
/* End PBXFrameworksBuildPhase section */

/* Begin PBXGroup section */
		86ABBF00D2E463B404AE027D /* Pods */ = {
			isa = PBXGroup;
			children = (
				D64235D0885402F12AD2FA4A /* Pods-shop.debug.xcconfig */,
				0DD56440ADB83596EA28C07A /* Pods-shop.release.xcconfig */,
			);
			name = Pods;
			sourceTree = "<group>";
		};
		8A821D079BAF27D707594305 /* Frameworks */ = {
			isa = PBXGroup;
			children = (
				81B066CC25AB04DF6C8EB735 /* libPods-shop.a */,
			);
			name = Frameworks;
			sourceTree = "<group>";
		};
		91E815F41EC1F8DE00B1DEB3 = {
			isa = PBXGroup;
			children = (
				91E815FF1EC1F8DE00B1DEB3 /* shop */,
				91E816191EC1F8DF00B1DEB3 /* shopTests */,
				91E816241EC1F8DF00B1DEB3 /* shopUITests */,
				91E815FE1EC1F8DE00B1DEB3 /* Products */,
				86ABBF00D2E463B404AE027D /* Pods */,
				8A821D079BAF27D707594305 /* Frameworks */,
			);
			sourceTree = "<group>";
		};
		91E815FE1EC1F8DE00B1DEB3 /* Products */ = {
			isa = PBXGroup;
			children = (
				91E815FD1EC1F8DE00B1DEB3 /* shop.app */,
				91E816161EC1F8DF00B1DEB3 /* shopTests.xctest */,
				91E816211EC1F8DF00B1DEB3 /* shopUITests.xctest */,
			);
			name = Products;
			sourceTree = "<group>";
		};
		91E815FF1EC1F8DE00B1DEB3 /* shop */ = {
			isa = PBXGroup;
			children = (
				91E816031EC1F8DE00B1DEB3 /* AppDelegate.h */,
				91E816041EC1F8DE00B1DEB3 /* AppDelegate.m */,
				91E8163B1EC4A56A00B1DEB3 /* 登录 */,
				91E8163C1EC4A56A00B1DEB3 /* 分类 */,
				91E8163D1EC4A56A00B1DEB3 /* 购物车 */,
				91E8163E1EC4A56A00B1DEB3 /* 控制器 */,
				91E8163F1EC4A56A00B1DEB3 /* 我的 */,
				91E816401EC4A56A00B1DEB3 /* 限时购 */,
				91E816411EC4A56A00B1DEB3 /* 注册 */,
				91E816001EC1F8DE00B1DEB3 /* Supporting Files */,
			);
			path = shop;
			sourceTree = "<group>";
		};
		91E816001EC1F8DE00B1DEB3 /* Supporting Files */ = {
			isa = PBXGroup;
			children = (
				91E8160C1EC1F8DE00B1DEB3 /* Assets.xcassets */,
				91E8160E1EC1F8DE00B1DEB3 /* LaunchScreen.storyboard */,
				91E816111EC1F8DE00B1DEB3 /* Info.plist */,
				91E816011EC1F8DE00B1DEB3 /* main.m */,
			);
			name = "Supporting Files";
			sourceTree = "<group>";
		};
		91E816191EC1F8DF00B1DEB3 /* shopTests */ = {
			isa = PBXGroup;
			children = (
				91E8161A1EC1F8DF00B1DEB3 /* shopTests.m */,
				91E8161C1EC1F8DF00B1DEB3 /* Info.plist */,
			);
			path = shopTests;
			sourceTree = "<group>";
		};
		91E816241EC1F8DF00B1DEB3 /* shopUITests */ = {
			isa = PBXGroup;
			children = (
				91E816251EC1F8DF00B1DEB3 /* shopUITests.m */,
				91E816271EC1F8DF00B1DEB3 /* Info.plist */,
			);
			path = shopUITests;
			sourceTree = "<group>";
		};
		91E8163B1EC4A56A00B1DEB3 /* 登录 */ = {
			isa = PBXGroup;
			children = (
			);
			path = "登录";
			sourceTree = "<group>";
		};
		91E8163C1EC4A56A00B1DEB3 /* 分类 */ = {
			isa = PBXGroup;
			children = (
				91E8164B1EC4A66300B1DEB3 /* XJClassViewController.h */,
				91E8164C1EC4A66300B1DEB3 /* XJClassViewController.m */,
			);
			path = "分类";
			sourceTree = "<group>";
		};
		91E8163D1EC4A56A00B1DEB3 /* 购物车 */ = {
			isa = PBXGroup;
			children = (
				91E816481EC4A65500B1DEB3 /* XJBuyCarViewController.h */,
				91E816491EC4A65500B1DEB3 /* XJBuyCarViewController.m */,
			);
			path = "购物车";
			sourceTree = "<group>";
		};
		91E8163E1EC4A56A00B1DEB3 /* 控制器 */ = {
			isa = PBXGroup;
			children = (
				91E816391EC4A1D900B1DEB3 /* Property List.plist */,
				91E816331EC1FCC300B1DEB3 /* XJNavigationViewController.h */,
				91E816341EC1FCC300B1DEB3 /* XJNavigationViewController.m */,
				91E816361EC1FD1500B1DEB3 /* XJTabBarViewController.h */,
				91E816371EC1FD1500B1DEB3 /* XJTabBarViewController.m */,
			);
			path = "控制器";
			sourceTree = "<group>";
		};
		91E8163F1EC4A56A00B1DEB3 /* 我的 */ = {
			isa = PBXGroup;
			children = (
				91E816421EC4A63100B1DEB3 /* XJMyViewController.h */,
				91E816431EC4A63100B1DEB3 /* XJMyViewController.m */,
			);
			path = "我的";
			sourceTree = "<group>";
		};
		91E816401EC4A56A00B1DEB3 /* 限时购 */ = {
			isa = PBXGroup;
			children = (
				91E816451EC4A64000B1DEB3 /* XJTimeViewController.h */,
				91E816461EC4A64000B1DEB3 /* XJTimeViewController.m */,
			);
			path = "限时购";
			sourceTree = "<group>";
		};
		91E816411EC4A56A00B1DEB3 /* 注册 */ = {
			isa = PBXGroup;
			children = (
			);
			path = "注册";
			sourceTree = "<group>";
		};
/* End PBXGroup section */

/* Begin PBXNativeTarget section */
		91E815FC1EC1F8DE00B1DEB3 /* shop */ = {
			isa = PBXNativeTarget;
			buildConfigurationList = 91E8162A1EC1F8DF00B1DEB3 /* Build configuration list for PBXNativeTarget "shop" */;
			buildPhases = (
				61429717DC5CF16335CA4A8D /* [CP] Check Pods Manifest.lock */,
				91E815F91EC1F8DE00B1DEB3 /* Sources */,
				91E815FA1EC1F8DE00B1DEB3 /* Frameworks */,
				91E815FB1EC1F8DE00B1DEB3 /* Resources */,
				B4AF78D9279C332CBA1927B9 /* [CP] Embed Pods Frameworks */,
				8BC387A4B97116E887A5019C /* [CP] Copy Pods Resources */,
			);
			buildRules = (
			);
			dependencies = (
			);
			name = shop;
			productName = shop;
			productReference = 91E815FD1EC1F8DE00B1DEB3 /* shop.app */;
			productType = "com.apple.product-type.application";
		};
		91E816151EC1F8DF00B1DEB3 /* shopTests */ = {
			isa = PBXNativeTarget;
			buildConfigurationList = 91E8162D1EC1F8DF00B1DEB3 /* Build configuration list for PBXNativeTarget "shopTests" */;
			buildPhases = (
				91E816121EC1F8DF00B1DEB3 /* Sources */,
				91E816131EC1F8DF00B1DEB3 /* Frameworks */,
				91E816141EC1F8DF00B1DEB3 /* Resources */,
			);
			buildRules = (
			);
			dependencies = (
				91E816181EC1F8DF00B1DEB3 /* PBXTargetDependency */,
			);
			name = shopTests;
			productName = shopTests;
			productReference = 91E816161EC1F8DF00B1DEB3 /* shopTests.xctest */;
			productType = "com.apple.product-type.bundle.unit-test";
		};
		91E816201EC1F8DF00B1DEB3 /* shopUITests */ = {
			isa = PBXNativeTarget;
			buildConfigurationList = 91E816301EC1F8DF00B1DEB3 /* Build configuration list for PBXNativeTarget "shopUITests" */;
			buildPhases = (
				91E8161D1EC1F8DF00B1DEB3 /* Sources */,
				91E8161E1EC1F8DF00B1DEB3 /* Frameworks */,
				91E8161F1EC1F8DF00B1DEB3 /* Resources */,
			);
			buildRules = (
			);
			dependencies = (
				91E816231EC1F8DF00B1DEB3 /* PBXTargetDependency */,
			);
			name = shopUITests;
			productName = shopUITests;
			productReference = 91E816211EC1F8DF00B1DEB3 /* shopUITests.xctest */;
			productType = "com.apple.product-type.bundle.ui-testing";
		};
/* End PBXNativeTarget section */

/* Begin PBXProject section */
		91E815F51EC1F8DE00B1DEB3 /* Project object */ = {
			isa = PBXProject;
			attributes = {
				LastUpgradeCheck = 0820;
				ORGANIZATIONNAME = "晓佳";
				TargetAttributes = {
					91E815FC1EC1F8DE00B1DEB3 = {
						CreatedOnToolsVersion = 8.2.1;
						DevelopmentTeam = 95GEJ2HJQN;
						ProvisioningStyle = Automatic;
					};
					91E816151EC1F8DF00B1DEB3 = {
						CreatedOnToolsVersion = 8.2.1;
						DevelopmentTeam = 95GEJ2HJQN;
						ProvisioningStyle = Automatic;
						TestTargetID = 91E815FC1EC1F8DE00B1DEB3;
					};
					91E816201EC1F8DF00B1DEB3 = {
						CreatedOnToolsVersion = 8.2.1;
						DevelopmentTeam = 95GEJ2HJQN;
						ProvisioningStyle = Automatic;
						TestTargetID = 91E815FC1EC1F8DE00B1DEB3;
					};
				};
			};
			buildConfigurationList = 91E815F81EC1F8DE00B1DEB3 /* Build configuration list for PBXProject "shop" */;
			compatibilityVersion = "Xcode 3.2";
			developmentRegion = English;
			hasScannedForEncodings = 0;
			knownRegions = (
				en,
				Base,
			);
			mainGroup = 91E815F41EC1F8DE00B1DEB3;
			productRefGroup = 91E815FE1EC1F8DE00B1DEB3 /* Products */;
			projectDirPath = "";
			projectRoot = "";
			targets = (
				91E815FC1EC1F8DE00B1DEB3 /* shop */,
				91E816151EC1F8DF00B1DEB3 /* shopTests */,
				91E816201EC1F8DF00B1DEB3 /* shopUITests */,
			);
		};
/* End PBXProject section */

/* Begin PBXResourcesBuildPhase section */
		91E815FB1EC1F8DE00B1DEB3 /* Resources */ = {
			isa = PBXResourcesBuildPhase;
			buildActionMask = 2147483647;
			files = (
				91E8163A1EC4A1D900B1DEB3 /* Property List.plist in Resources */,
				91E816101EC1F8DE00B1DEB3 /* LaunchScreen.storyboard in Resources */,
				91E8160D1EC1F8DE00B1DEB3 /* Assets.xcassets in Resources */,
			);
			runOnlyForDeploymentPostprocessing = 0;
		};
		91E816141EC1F8DF00B1DEB3 /* Resources */ = {
			isa = PBXResourcesBuildPhase;
			buildActionMask = 2147483647;
			files = (
			);
			runOnlyForDeploymentPostprocessing = 0;
		};
		91E8161F1EC1F8DF00B1DEB3 /* Resources */ = {
			isa = PBXResourcesBuildPhase;
			buildActionMask = 2147483647;
			files = (
			);
			runOnlyForDeploymentPostprocessing = 0;
		};
/* End PBXResourcesBuildPhase section */

/* Begin PBXShellScriptBuildPhase section */
		61429717DC5CF16335CA4A8D /* [CP] Check Pods Manifest.lock */ = {
			isa = PBXShellScriptBuildPhase;
			buildActionMask = 2147483647;
			files = (
			);
			inputPaths = (
			);
			name = "[CP] Check Pods Manifest.lock";
			outputPaths = (
			);
			runOnlyForDeploymentPostprocessing = 0;
			shellPath = /bin/sh;
			shellScript = "diff \"${PODS_ROOT}/../Podfile.lock\" \"${PODS_ROOT}/Manifest.lock\" > /dev/null\nif [ $? != 0 ] ; then\n    # print error to STDERR\n    echo \"error: The sandbox is not in sync with the Podfile.lock. Run 'pod install' or update your CocoaPods installation.\" >&2\n    exit 1\nfi\n";
			showEnvVarsInLog = 0;
		};
		8BC387A4B97116E887A5019C /* [CP] Copy Pods Resources */ = {
			isa = PBXShellScriptBuildPhase;
			buildActionMask = 2147483647;
			files = (
			);
			inputPaths = (
			);
			name = "[CP] Copy Pods Resources";
			outputPaths = (
			);
			runOnlyForDeploymentPostprocessing = 0;
			shellPath = /bin/sh;
			shellScript = "\"${SRCROOT}/Pods/Target Support Files/Pods-shop/Pods-shop-resources.sh\"\n";
			showEnvVarsInLog = 0;
		};
		B4AF78D9279C332CBA1927B9 /* [CP] Embed Pods Frameworks */ = {
			isa = PBXShellScriptBuildPhase;
			buildActionMask = 2147483647;
			files = (
			);
			inputPaths = (
			);
			name = "[CP] Embed Pods Frameworks";
			outputPaths = (
			);
			runOnlyForDeploymentPostprocessing = 0;
			shellPath = /bin/sh;
			shellScript = "\"${SRCROOT}/Pods/Target Support Files/Pods-shop/Pods-shop-frameworks.sh\"\n";
			showEnvVarsInLog = 0;
		};
/* End PBXShellScriptBuildPhase section */

/* Begin PBXSourcesBuildPhase section */
		91E815F91EC1F8DE00B1DEB3 /* Sources */ = {
			isa = PBXSourcesBuildPhase;
			buildActionMask = 2147483647;
			files = (
				91E816381EC1FD1500B1DEB3 /* XJTabBarViewController.m in Sources */,
				91E8164D1EC4A66300B1DEB3 /* XJClassViewController.m in Sources */,
				91E816351EC1FCC300B1DEB3 /* XJNavigationViewController.m in Sources */,
				91E816441EC4A63100B1DEB3 /* XJMyViewController.m in Sources */,
				91E816471EC4A64000B1DEB3 /* XJTimeViewController.m in Sources */,
				91E816051EC1F8DE00B1DEB3 /* AppDelegate.m in Sources */,
				91E8164A1EC4A65500B1DEB3 /* XJBuyCarViewController.m in Sources */,
				91E816021EC1F8DE00B1DEB3 /* main.m in Sources */,
			);
			runOnlyForDeploymentPostprocessing = 0;
		};
		91E816121EC1F8DF00B1DEB3 /* Sources */ = {
			isa = PBXSourcesBuildPhase;
			buildActionMask = 2147483647;
			files = (
				91E8161B1EC1F8DF00B1DEB3 /* shopTests.m in Sources */,
			);
			runOnlyForDeploymentPostprocessing = 0;
		};
		91E8161D1EC1F8DF00B1DEB3 /* Sources */ = {
			isa = PBXSourcesBuildPhase;
			buildActionMask = 2147483647;
			files = (
				91E816261EC1F8DF00B1DEB3 /* shopUITests.m in Sources */,
			);
			runOnlyForDeploymentPostprocessing = 0;
		};
/* End PBXSourcesBuildPhase section */

/* Begin PBXTargetDependency section */
		91E816181EC1F8DF00B1DEB3 /* PBXTargetDependency */ = {
			isa = PBXTargetDependency;
			target = 91E815FC1EC1F8DE00B1DEB3 /* shop */;
			targetProxy = 91E816171EC1F8DF00B1DEB3 /* PBXContainerItemProxy */;
		};
		91E816231EC1F8DF00B1DEB3 /* PBXTargetDependency */ = {
			isa = PBXTargetDependency;
			target = 91E815FC1EC1F8DE00B1DEB3 /* shop */;
			targetProxy = 91E816221EC1F8DF00B1DEB3 /* PBXContainerItemProxy */;
		};
/* End PBXTargetDependency section */

/* Begin PBXVariantGroup section */
		91E8160E1EC1F8DE00B1DEB3 /* LaunchScreen.storyboard */ = {
			isa = PBXVariantGroup;
			children = (
				91E8160F1EC1F8DE00B1DEB3 /* Base */,
			);
			name = LaunchScreen.storyboard;
			sourceTree = "<group>";
		};
/* End PBXVariantGroup section */

/* Begin XCBuildConfiguration section */
		91E816281EC1F8DF00B1DEB3 /* Debug */ = {
			isa = XCBuildConfiguration;
			buildSettings = {
				ALWAYS_SEARCH_USER_PATHS = NO;
				CLANG_ANALYZER_NONNULL = YES;
				CLANG_CXX_LANGUAGE_STANDARD = "gnu++0x";
				CLANG_CXX_LIBRARY = "libc++";
				CLANG_ENABLE_MODULES = YES;
				CLANG_ENABLE_OBJC_ARC = YES;
				CLANG_WARN_BOOL_CONVERSION = YES;
				CLANG_WARN_CONSTANT_CONVERSION = YES;
				CLANG_WARN_DIRECT_OBJC_ISA_USAGE = YES_ERROR;
				CLANG_WARN_DOCUMENTATION_COMMENTS = YES;
				CLANG_WARN_EMPTY_BODY = YES;
				CLANG_WARN_ENUM_CONVERSION = YES;
				CLANG_WARN_INFINITE_RECURSION = YES;
				CLANG_WARN_INT_CONVERSION = YES;
				CLANG_WARN_OBJC_ROOT_CLASS = YES_ERROR;
				CLANG_WARN_SUSPICIOUS_MOVE = YES;
				CLANG_WARN_UNREACHABLE_CODE = YES;
				CLANG_WARN__DUPLICATE_METHOD_MATCH = YES;
				"CODE_SIGN_IDENTITY[sdk=iphoneos*]" = "iPhone Developer";
				COPY_PHASE_STRIP = NO;
				DEBUG_INFORMATION_FORMAT = dwarf;
				ENABLE_STRICT_OBJC_MSGSEND = YES;
				ENABLE_TESTABILITY = YES;
				GCC_C_LANGUAGE_STANDARD = gnu99;
				GCC_DYNAMIC_NO_PIC = NO;
				GCC_NO_COMMON_BLOCKS = YES;
				GCC_OPTIMIZATION_LEVEL = 0;
				GCC_PREPROCESSOR_DEFINITIONS = (
					"DEBUG=1",
					"$(inherited)",
				);
				GCC_WARN_64_TO_32_BIT_CONVERSION = YES;
				GCC_WARN_ABOUT_RETURN_TYPE = YES_ERROR;
				GCC_WARN_UNDECLARED_SELECTOR = YES;
				GCC_WARN_UNINITIALIZED_AUTOS = YES_AGGRESSIVE;
				GCC_WARN_UNUSED_FUNCTION = YES;
				GCC_WARN_UNUSED_VARIABLE = YES;
				IPHONEOS_DEPLOYMENT_TARGET = 10.2;
				MTL_ENABLE_DEBUG_INFO = YES;
				ONLY_ACTIVE_ARCH = YES;
				SDKROOT = iphoneos;
			};
			name = Debug;
		};
		91E816291EC1F8DF00B1DEB3 /* Release */ = {
			isa = XCBuildConfiguration;
			buildSettings = {
				ALWAYS_SEARCH_USER_PATHS = NO;
				CLANG_ANALYZER_NONNULL = YES;
				CLANG_CXX_LANGUAGE_STANDARD = "gnu++0x";
				CLANG_CXX_LIBRARY = "libc++";
				CLANG_ENABLE_MODULES = YES;
				CLANG_ENABLE_OBJC_ARC = YES;
				CLANG_WARN_BOOL_CONVERSION = YES;
				CLANG_WARN_CONSTANT_CONVERSION = YES;
				CLANG_WARN_DIRECT_OBJC_ISA_USAGE = YES_ERROR;
				CLANG_WARN_DOCUMENTATION_COMMENTS = YES;
				CLANG_WARN_EMPTY_BODY = YES;
				CLANG_WARN_ENUM_CONVERSION = YES;
				CLANG_WARN_INFINITE_RECURSION = YES;
				CLANG_WARN_INT_CONVERSION = YES;
				CLANG_WARN_OBJC_ROOT_CLASS = YES_ERROR;
				CLANG_WARN_SUSPICIOUS_MOVE = YES;
				CLANG_WARN_UNREACHABLE_CODE = YES;
				CLANG_WARN__DUPLICATE_METHOD_MATCH = YES;
				"CODE_SIGN_IDENTITY[sdk=iphoneos*]" = "iPhone Developer";
				COPY_PHASE_STRIP = NO;
				DEBUG_INFORMATION_FORMAT = "dwarf-with-dsym";
				ENABLE_NS_ASSERTIONS = NO;
				ENABLE_STRICT_OBJC_MSGSEND = YES;
				GCC_C_LANGUAGE_STANDARD = gnu99;
				GCC_NO_COMMON_BLOCKS = YES;
				GCC_WARN_64_TO_32_BIT_CONVERSION = YES;
				GCC_WARN_ABOUT_RETURN_TYPE = YES_ERROR;
				GCC_WARN_UNDECLARED_SELECTOR = YES;
				GCC_WARN_UNINITIALIZED_AUTOS = YES_AGGRESSIVE;
				GCC_WARN_UNUSED_FUNCTION = YES;
				GCC_WARN_UNUSED_VARIABLE = YES;
				IPHONEOS_DEPLOYMENT_TARGET = 10.2;
				MTL_ENABLE_DEBUG_INFO = NO;
				SDKROOT = iphoneos;
				VALIDATE_PRODUCT = YES;
			};
			name = Release;
		};
		91E8162B1EC1F8DF00B1DEB3 /* Debug */ = {
			isa = XCBuildConfiguration;
			baseConfigurationReference = D64235D0885402F12AD2FA4A /* Pods-shop.debug.xcconfig */;
			buildSettings = {
				ASSETCATALOG_COMPILER_APPICON_NAME = AppIcon;
				DEVELOPMENT_TEAM = 95GEJ2HJQN;
				INFOPLIST_FILE = shop/Info.plist;
				IPHONEOS_DEPLOYMENT_TARGET = 8.0;
				LD_RUNPATH_SEARCH_PATHS = "$(inherited) @executable_path/Frameworks";
				PRODUCT_BUNDLE_IDENTIFIER = xiaojia.shop;
				PRODUCT_NAME = "$(TARGET_NAME)";
			};
			name = Debug;
		};
		91E8162C1EC1F8DF00B1DEB3 /* Release */ = {
			isa = XCBuildConfiguration;
			baseConfigurationReference = 0DD56440ADB83596EA28C07A /* Pods-shop.release.xcconfig */;
			buildSettings = {
				ASSETCATALOG_COMPILER_APPICON_NAME = AppIcon;
				DEVELOPMENT_TEAM = 95GEJ2HJQN;
				INFOPLIST_FILE = shop/Info.plist;
				IPHONEOS_DEPLOYMENT_TARGET = 8.0;
				LD_RUNPATH_SEARCH_PATHS = "$(inherited) @executable_path/Frameworks";
				PRODUCT_BUNDLE_IDENTIFIER = xiaojia.shop;
				PRODUCT_NAME = "$(TARGET_NAME)";
			};
			name = Release;
		};
		91E8162E1EC1F8DF00B1DEB3 /* Debug */ = {
			isa = XCBuildConfiguration;
			buildSettings = {
				BUNDLE_LOADER = "$(TEST_HOST)";
				DEVELOPMENT_TEAM = 95GEJ2HJQN;
				INFOPLIST_FILE = shopTests/Info.plist;
				LD_RUNPATH_SEARCH_PATHS = "$(inherited) @executable_path/Frameworks @loader_path/Frameworks";
				PRODUCT_BUNDLE_IDENTIFIER = xiaojia.shopTests;
				PRODUCT_NAME = "$(TARGET_NAME)";
				TEST_HOST = "$(BUILT_PRODUCTS_DIR)/shop.app/shop";
			};
			name = Debug;
		};
		91E8162F1EC1F8DF00B1DEB3 /* Release */ = {
			isa = XCBuildConfiguration;
			buildSettings = {
				BUNDLE_LOADER = "$(TEST_HOST)";
				DEVELOPMENT_TEAM = 95GEJ2HJQN;
				INFOPLIST_FILE = shopTests/Info.plist;
				LD_RUNPATH_SEARCH_PATHS = "$(inherited) @executable_path/Frameworks @loader_path/Frameworks";
				PRODUCT_BUNDLE_IDENTIFIER = xiaojia.shopTests;
				PRODUCT_NAME = "$(TARGET_NAME)";
				TEST_HOST = "$(BUILT_PRODUCTS_DIR)/shop.app/shop";
			};
			name = Release;
		};
		91E816311EC1F8DF00B1DEB3 /* Debug */ = {
			isa = XCBuildConfiguration;
			buildSettings = {
				DEVELOPMENT_TEAM = 95GEJ2HJQN;
				INFOPLIST_FILE = shopUITests/Info.plist;
				LD_RUNPATH_SEARCH_PATHS = "$(inherited) @executable_path/Frameworks @loader_path/Frameworks";
				PRODUCT_BUNDLE_IDENTIFIER = xiaojia.shopUITests;
				PRODUCT_NAME = "$(TARGET_NAME)";
				TEST_TARGET_NAME = shop;
			};
			name = Debug;
		};
		91E816321EC1F8DF00B1DEB3 /* Release */ = {
			isa = XCBuildConfiguration;
			buildSettings = {
				DEVELOPMENT_TEAM = 95GEJ2HJQN;
				INFOPLIST_FILE = shopUITests/Info.plist;
				LD_RUNPATH_SEARCH_PATHS = "$(inherited) @executable_path/Frameworks @loader_path/Frameworks";
				PRODUCT_BUNDLE_IDENTIFIER = xiaojia.shopUITests;
				PRODUCT_NAME = "$(TARGET_NAME)";
				TEST_TARGET_NAME = shop;
			};
			name = Release;
		};
/* End XCBuildConfiguration section */

/* Begin XCConfigurationList section */
		91E815F81EC1F8DE00B1DEB3 /* Build configuration list for PBXProject "shop" */ = {
			isa = XCConfigurationList;
			buildConfigurations = (
				91E816281EC1F8DF00B1DEB3 /* Debug */,
				91E816291EC1F8DF00B1DEB3 /* Release */,
			);
			defaultConfigurationIsVisible = 0;
			defaultConfigurationName = Release;
		};
		91E8162A1EC1F8DF00B1DEB3 /* Build configuration list for PBXNativeTarget "shop" */ = {
			isa = XCConfigurationList;
			buildConfigurations = (
				91E8162B1EC1F8DF00B1DEB3 /* Debug */,
				91E8162C1EC1F8DF00B1DEB3 /* Release */,
			);
			defaultConfigurationIsVisible = 0;
			defaultConfigurationName = Release;
		};
		91E8162D1EC1F8DF00B1DEB3 /* Build configuration list for PBXNativeTarget "shopTests" */ = {
			isa = XCConfigurationList;
			buildConfigurations = (
				91E8162E1EC1F8DF00B1DEB3 /* Debug */,
				91E8162F1EC1F8DF00B1DEB3 /* Release */,
			);
			defaultConfigurationIsVisible = 0;
			defaultConfigurationName = Release;
		};
		91E816301EC1F8DF00B1DEB3 /* Build configuration list for PBXNativeTarget "shopUITests" */ = {
			isa = XCConfigurationList;
			buildConfigurations = (
				91E816311EC1F8DF00B1DEB3 /* Debug */,
				91E816321EC1F8DF00B1DEB3 /* Release */,
			);
			defaultConfigurationIsVisible = 0;
			defaultConfigurationName = Release;
		};
/* End XCConfigurationList section */
	};
	rootObject = 91E815F51EC1F8DE00B1DEB3 /* Project object */;
}
